
Microsoft Visual Studio Solution File, Format Version 12.00
# Visual Studio Version 17
VisualStudioVersion = 17.0.32112.339
MinimumVisualStudioVersion = 10.0.40219.1
Project("{8BC9CEB8-8B4A-11D0-8D11-00A0C91BC942}") = "cosine similarity", "cosine similarity\cosine similarity.vcxproj", "{D8B9926B-ABF4-408B-93B1-58191A8C40FE}"
EndProject
Global
	GlobalSection(SolutionConfigurationPlatforms) = preSolution
		Debug|x64 = Debug|x64
		Debug|x86 = Debug|x86
		Release|x64 = Release|x64
		Release|x86 = Release|x86
	EndGlobalSection
	GlobalSection(ProjectConfigurationPlatforms) = postSolution
		{D8B9926B-ABF4-408B-93B1-58191A8C40FE}.Debug|x64.ActiveCfg = Debug|x64
		{D8B9926B-ABF4-408B-93B1-58191A8C40FE}.Debug|x64.Build.0 = Debug|x64
		{D8B9926B-ABF4-408B-93B1-58191A8C40FE}.Debug|x86.ActiveCfg = Debug|Win32
		{D8B9926B-ABF4-408B-93B1-58191A8C40FE}.Debug|x86.Build.0 = Debug|Win32
		{D8B9926B-ABF4-408B-93B1-58191A8C40FE}.Release|x64.ActiveCfg = Release|x64
		{D8B9926B-ABF4-408B-93B1-58191A8C40FE}.Release|x64.Build.0 = Release|x64
		{D8B9926B-ABF4-408B-93B1-58191A8C40FE}.Release|x86.ActiveCfg = Release|Win32
		{D8B9926B-ABF4-408B-93B1-58191A8C40FE}.Release|x86.Build.0 = Release|Win32
	EndGlobalSection
	GlobalSection(SolutionProperties) = preSolution
		HideSolutionNode = FALSE
	EndGlobalSection
	GlobalSection(ExtensibilityGlobals) = postSolution
		SolutionGuid = {E5CFB1EC-5D00-485C-86B1-61F2C2503DDE}
	EndGlobalSection
EndGlobal
